{
  "name": "blear.ui.application",
  "version": "2.0.3",
  "lockfileVersion": 1,
  "requires": true,
  "dependencies": {
    "blear.classes.animation": {
      "version": "1.1.1",
      "resolved": "https://registry.npm.taobao.org/blear.classes.animation/download/blear.classes.animation-1.1.1.tgz",
      "integrity": "sha1-qVVeUlQkFnm/yh2Flwh2yceXdRw=",
      "dev": true,
      "requires": {
        "blear.classes.events": "1.0.7",
        "blear.core.selector": "1.0.10",
        "blear.core.transform": "1.0.6",
        "blear.utils.array": "1.0.12",
        "blear.utils.date": "1.0.10",
        "blear.utils.howdo": "1.0.3",
        "blear.utils.object": "1.0.14",
        "blear.utils.plan": "2.2.1",
        "blear.utils.typeis": "1.0.3"
      }
    },
    "blear.classes.class": {
      "version": "1.1.7",
      "resolved": "http://registry.npm.taobao.org/blear.classes.class/download/blear.classes.class-1.1.7.tgz",
      "integrity": "sha1-VJHMNAAuGDJNsg0DD6bw+9Rwn/I=",
      "requires": {
        "blear.utils.access": "1.0.5",
        "blear.utils.debug": "1.0.2",
        "blear.utils.object": "1.0.14",
        "blear.utils.random": "1.0.3",
        "blear.utils.typeis": "1.0.3"
      }
    },
    "blear.classes.events": {
      "version": "1.0.7",
      "resolved": "http://registry.npm.taobao.org/blear.classes.events/download/blear.classes.events-1.0.7.tgz",
      "integrity": "sha1-luZoU2G8mQEr26rWsNN+8RxTz4A=",
      "requires": {
        "blear.classes.class": "1.1.7",
        "blear.utils.access": "1.0.5",
        "blear.utils.array": "1.0.12",
        "blear.utils.object": "1.0.14",
        "blear.utils.typeis": "1.0.3"
      }
    },
    "blear.classes.router": {
      "version": "2.1.0",
      "resolved": "http://registry.npm.taobao.org/blear.classes.router/download/blear.classes.router-2.1.0.tgz",
      "integrity": "sha1-UgBjOsWt/A5Y5OTIJv2+YdrA1Cc=",
      "dev": true,
      "requires": {
        "blear.classes.class": "1.1.7",
        "blear.classes.events": "1.0.7",
        "blear.core.event": "1.0.5",
        "blear.core.hashbang": "1.1.3",
        "blear.utils.access": "1.0.5",
        "blear.utils.array": "1.0.12",
        "blear.utils.object": "1.0.14",
        "blear.utils.plan": "2.2.1",
        "blear.utils.querystring": "1.0.5",
        "blear.utils.time": "1.0.5",
        "blear.utils.typeis": "1.0.3",
        "blear.utils.url": "1.0.19"
      }
    },
    "blear.classes.template": {
      "version": "1.1.1",
      "resolved": "http://registry.npm.taobao.org/blear.classes.template/download/blear.classes.template-1.1.1.tgz",
      "integrity": "sha1-b3VQjxDiDSDgfK+yCx7D3tKKHJ8=",
      "dev": true,
      "requires": {
        "blear.classes.events": "1.0.7",
        "blear.utils.array": "1.0.12",
        "blear.utils.collection": "1.0.4",
        "blear.utils.function": "1.0.5",
        "blear.utils.number": "1.0.3",
        "blear.utils.object": "1.0.14",
        "blear.utils.random": "1.0.3",
        "blear.utils.string": "1.0.9",
        "blear.utils.typeis": "1.0.3"
      }
    },
    "blear.core.attribute": {
      "version": "1.0.11",
      "resolved": "https://registry.npm.taobao.org/blear.core.attribute/download/blear.core.attribute-1.0.11.tgz",
      "integrity": "sha1-C2+0Z7Bu6FpUsm42Cz7aooilAgE=",
      "requires": {
        "blear.polyfills.class-list": "1.0.7",
        "blear.polyfills.data-set": "1.0.3",
        "blear.utils.access": "1.0.5",
        "blear.utils.array": "1.0.12",
        "blear.utils.compatible": "1.0.7",
        "blear.utils.json": "1.0.5",
        "blear.utils.object": "1.0.14",
        "blear.utils.string": "1.0.9",
        "blear.utils.typeis": "1.0.3",
        "blear.utils.validator": "1.1.1"
      }
    },
    "blear.core.event": {
      "version": "1.0.5",
      "resolved": "https://registry.npm.taobao.org/blear.core.event/download/blear.core.event-1.0.5.tgz",
      "integrity": "sha1-dWX5K46cKs9qCGyNO/MAI1g90lo=",
      "dev": true,
      "requires": {
        "blear.core.selector": "1.0.10",
        "blear.utils.access": "1.0.5",
        "blear.utils.array": "1.0.12",
        "blear.utils.object": "1.0.14",
        "blear.utils.typeis": "1.0.3"
      }
    },
    "blear.core.hashbang": {
      "version": "1.1.3",
      "resolved": "https://registry.npm.taobao.org/blear.core.hashbang/download/blear.core.hashbang-1.1.3.tgz",
      "integrity": "sha1-CS8BYpEwASj7OMsgirl3kxrhQ0U=",
      "dev": true,
      "requires": {
        "blear.utils.access": "1.0.5",
        "blear.utils.hashbang": "1.0.5",
        "blear.utils.object": "1.0.14",
        "blear.utils.typeis": "1.0.3",
        "blear.utils.url": "1.0.19"
      }
    },
    "blear.core.layout": {
      "version": "1.0.6",
      "resolved": "https://registry.npm.taobao.org/blear.core.layout/download/blear.core.layout-1.0.6.tgz",
      "integrity": "sha1-ZCbXB0H0VQ2hTChZRgR5Qz/n59Y=",
      "requires": {
        "blear.core.attribute": "1.0.11",
        "blear.utils.access": "1.0.5",
        "blear.utils.array": "1.0.12",
        "blear.utils.number": "1.0.3",
        "blear.utils.typeis": "1.0.3"
      }
    },
    "blear.core.modification": {
      "version": "1.0.7",
      "resolved": "https://registry.npm.taobao.org/blear.core.modification/download/blear.core.modification-1.0.7.tgz",
      "integrity": "sha1-E1G0wk3X2VpsYdkS6TjoNDJTW3o=",
      "requires": {
        "blear.core.attribute": "1.0.11",
        "blear.core.selector": "1.0.10",
        "blear.utils.json": "1.0.5",
        "blear.utils.object": "1.0.14",
        "blear.utils.typeis": "1.0.3"
      }
    },
    "blear.core.selector": {
      "version": "1.0.10",
      "resolved": "http://registry.npm.taobao.org/blear.core.selector/download/blear.core.selector-1.0.10.tgz",
      "integrity": "sha1-FlvtRC3mv4hqhTvjT3MgkNdSndM=",
      "requires": {
        "blear.utils.array": "1.0.12",
        "blear.utils.compatible": "1.0.7",
        "blear.utils.debug": "1.0.2",
        "blear.utils.typeis": "1.0.3"
      }
    },
    "blear.core.transform": {
      "version": "1.0.6",
      "resolved": "https://registry.npm.taobao.org/blear.core.transform/download/blear.core.transform-1.0.6.tgz",
      "integrity": "sha1-Pwfeeg386B6WSx1L/87i518hahc=",
      "dev": true,
      "requires": {
        "blear.core.attribute": "1.0.11",
        "blear.core.event": "1.0.5",
        "blear.utils.access": "1.0.5",
        "blear.utils.array": "1.0.12",
        "blear.utils.compatible": "1.0.7",
        "blear.utils.easing": "1.0.6",
        "blear.utils.function": "1.0.5",
        "blear.utils.object": "1.0.14",
        "blear.utils.string": "1.0.9",
        "blear.utils.time": "1.0.5",
        "blear.utils.typeis": "1.0.3"
      }
    },
    "blear.polyfills.class-list": {
      "version": "1.0.7",
      "resolved": "https://registry.npm.taobao.org/blear.polyfills.class-list/download/blear.polyfills.class-list-1.0.7.tgz",
      "integrity": "sha1-vX+4e39UweIZxtdWgwtp7TW96qc="
    },
    "blear.polyfills.data-set": {
      "version": "1.0.3",
      "resolved": "https://registry.npm.taobao.org/blear.polyfills.data-set/download/blear.polyfills.data-set-1.0.3.tgz",
      "integrity": "sha1-XkmaNGdrLPjnfAS99pnKX4LdyJI=",
      "requires": {
        "blear.utils.json": "1.0.5",
        "blear.utils.string": "1.0.9"
      }
    },
    "blear.polyfills.date": {
      "version": "1.0.3",
      "resolved": "http://registry.npm.taobao.org/blear.polyfills.date/download/blear.polyfills.date-1.0.3.tgz",
      "integrity": "sha1-7oBOCXtXOjksI9tDfIc+Fqeavrc="
    },
    "blear.polyfills.time": {
      "version": "1.0.3",
      "resolved": "http://registry.npm.taobao.org/blear.polyfills.time/download/blear.polyfills.time-1.0.3.tgz",
      "integrity": "sha1-ppm43TG6xC526RXxNWYKedTxvWg="
    },
    "blear.shims.bezier": {
      "version": "1.0.0",
      "resolved": "https://registry.npm.taobao.org/blear.shims.bezier/download/blear.shims.bezier-1.0.0.tgz",
      "integrity": "sha1-AyP9k+DRYrxGmLwWUzkxtlOArkk=",
      "dev": true
    },
    "blear.ui": {
      "version": "1.0.8",
      "resolved": "https://registry.npm.taobao.org/blear.ui/download/blear.ui-1.0.8.tgz",
      "integrity": "sha1-Dj/TsRbOF7UNwJRKDIK+l0Z4XHo=",
      "requires": {
        "blear.classes.events": "1.0.7",
        "blear.utils.object": "1.0.14"
      }
    },
    "blear.ui.loading": {
      "version": "1.0.11",
      "resolved": "https://registry.npm.taobao.org/blear.ui.loading/download/blear.ui.loading-1.0.11.tgz",
      "integrity": "sha1-kp34A4xLI2ve/F+5Y29m0T+pg3c=",
      "dev": true,
      "requires": {
        "blear.classes.template": "1.1.1",
        "blear.ui": "1.0.8",
        "blear.ui.mask": "1.1.0",
        "blear.ui.window": "1.1.30",
        "blear.utils.function": "1.0.5",
        "blear.utils.loader": "1.0.7",
        "blear.utils.object": "1.0.14"
      }
    },
    "blear.ui.mask": {
      "version": "1.1.0",
      "resolved": "http://registry.npm.taobao.org/blear.ui.mask/download/blear.ui.mask-1.1.0.tgz",
      "integrity": "sha1-OiztxDEedHqRo3nDVnjIhDBAIrI=",
      "dev": true,
      "requires": {
        "blear.classes.animation": "1.1.1",
        "blear.core.attribute": "1.0.11",
        "blear.core.event": "1.0.5",
        "blear.core.layout": "1.0.6",
        "blear.core.modification": "1.0.7",
        "blear.ui": "1.0.8",
        "blear.ui.window": "1.1.30",
        "blear.utils.function": "1.0.5",
        "blear.utils.object": "1.0.14"
      }
    },
    "blear.ui.window": {
      "version": "1.1.30",
      "resolved": "http://registry.npm.taobao.org/blear.ui.window/download/blear.ui.window-1.1.30.tgz",
      "integrity": "sha1-D2WRG5XnJfcViR/Wh0Xx8ZUZ30c=",
      "dev": true,
      "requires": {
        "blear.core.attribute": "1.0.11",
        "blear.core.layout": "1.0.6",
        "blear.core.modification": "1.0.7",
        "blear.core.selector": "1.0.10",
        "blear.ui": "1.0.8",
        "blear.utils.access": "1.0.5",
        "blear.utils.function": "1.0.5",
        "blear.utils.number": "1.0.3",
        "blear.utils.object": "1.0.14",
        "blear.utils.typeis": "1.0.3"
      }
    },
    "blear.utils.access": {
      "version": "1.0.5",
      "resolved": "http://registry.npm.taobao.org/blear.utils.access/download/blear.utils.access-1.0.5.tgz",
      "integrity": "sha1-Sdnex3z9zSOrCwiHmwUw7K3k7iY=",
      "requires": {
        "blear.utils.array": "1.0.12",
        "blear.utils.collection": "1.0.4",
        "blear.utils.object": "1.0.14",
        "blear.utils.typeis": "1.0.3"
      }
    },
    "blear.utils.array": {
      "version": "1.0.12",
      "resolved": "http://registry.npm.taobao.org/blear.utils.array/download/blear.utils.array-1.0.12.tgz",
      "integrity": "sha1-Yje/gLO+MTdxR9kNb63JGp/md24=",
      "requires": {
        "blear.utils.typeis": "1.0.3"
      }
    },
    "blear.utils.collection": {
      "version": "1.0.4",
      "resolved": "http://registry.npm.taobao.org/blear.utils.collection/download/blear.utils.collection-1.0.4.tgz",
      "integrity": "sha1-FA28f83glrqYiytC7cdXSQWEmzE=",
      "requires": {
        "blear.utils.array": "1.0.12",
        "blear.utils.object": "1.0.14",
        "blear.utils.typeis": "1.0.3"
      }
    },
    "blear.utils.compatible": {
      "version": "1.0.7",
      "resolved": "https://registry.npm.taobao.org/blear.utils.compatible/download/blear.utils.compatible-1.0.7.tgz",
      "integrity": "sha1-DBzqFkOWIMAv9NqGSEpKGLLsgSk=",
      "requires": {
        "blear.utils.array": "1.0.12",
        "blear.utils.string": "1.0.9"
      }
    },
    "blear.utils.date": {
      "version": "1.0.10",
      "resolved": "http://registry.npm.taobao.org/blear.utils.date/download/blear.utils.date-1.0.10.tgz",
      "integrity": "sha1-zH/E6UbFipprBdijxItGUJWtL10=",
      "requires": {
        "blear.polyfills.date": "1.0.3",
        "blear.utils.access": "1.0.5",
        "blear.utils.array": "1.0.12",
        "blear.utils.number": "1.0.3",
        "blear.utils.object": "1.0.14",
        "blear.utils.string": "1.0.9",
        "blear.utils.typeis": "1.0.3"
      }
    },
    "blear.utils.debug": {
      "version": "1.0.2",
      "resolved": "http://registry.npm.taobao.org/blear.utils.debug/download/blear.utils.debug-1.0.2.tgz",
      "integrity": "sha1-TCxeL3W49o3V7LqIcZDc+zul4TU="
    },
    "blear.utils.easing": {
      "version": "1.0.6",
      "resolved": "https://registry.npm.taobao.org/blear.utils.easing/download/blear.utils.easing-1.0.6.tgz",
      "integrity": "sha1-wwgHLSkl5BEXuY/t6W7V56/QDz4=",
      "dev": true,
      "requires": {
        "blear.shims.bezier": "1.0.0",
        "blear.utils.access": "1.0.5",
        "blear.utils.array": "1.0.12",
        "blear.utils.object": "1.0.14",
        "blear.utils.typeis": "1.0.3"
      }
    },
    "blear.utils.function": {
      "version": "1.0.5",
      "resolved": "https://registry.npmjs.org/blear.utils.function/-/blear.utils.function-1.0.5.tgz",
      "integrity": "sha1-lMkuZgXT5CQfgkPwzsaztyVSTmo=",
      "requires": {
        "blear.utils.access": "1.0.5",
        "blear.utils.array": "1.0.12",
        "blear.utils.date": "1.0.10",
        "blear.utils.debug": "1.0.2",
        "blear.utils.time": "1.0.5",
        "blear.utils.typeis": "1.0.3"
      }
    },
    "blear.utils.hashbang": {
      "version": "1.0.5",
      "resolved": "https://registry.npm.taobao.org/blear.utils.hashbang/download/blear.utils.hashbang-1.0.5.tgz",
      "integrity": "sha1-RbGTM/9TPEeVGnV5vFmbs/suZZA=",
      "dev": true,
      "requires": {
        "blear.utils.string": "1.0.9"
      }
    },
    "blear.utils.howdo": {
      "version": "1.0.3",
      "resolved": "https://registry.npm.taobao.org/blear.utils.howdo/download/blear.utils.howdo-1.0.3.tgz",
      "integrity": "sha1-x3lIFtueCL+xhESK/ZqTcAeyeo8=",
      "dev": true,
      "requires": {
        "blear.utils.access": "1.0.5",
        "blear.utils.collection": "1.0.4",
        "blear.utils.time": "1.0.5",
        "blear.utils.typeis": "1.0.3"
      }
    },
    "blear.utils.json": {
      "version": "1.0.5",
      "resolved": "http://registry.npm.taobao.org/blear.utils.json/download/blear.utils.json-1.0.5.tgz",
      "integrity": "sha1-6urtuLlYOC0zisaSefDXlSvIl/Y=",
      "requires": {
        "blear.utils.object": "1.0.14",
        "blear.utils.typeis": "1.0.3"
      }
    },
    "blear.utils.loader": {
      "version": "1.0.7",
      "resolved": "https://registry.npm.taobao.org/blear.utils.loader/download/blear.utils.loader-1.0.7.tgz",
      "integrity": "sha1-3JyAi5HCL7p5ypPHOiSXcc94RIc=",
      "dev": true,
      "requires": {
        "blear.utils.function": "1.0.5",
        "blear.utils.object": "1.0.14",
        "blear.utils.time": "1.0.5",
        "blear.utils.typeis": "1.0.3"
      }
    },
    "blear.utils.number": {
      "version": "1.0.3",
      "resolved": "http://registry.npm.taobao.org/blear.utils.number/download/blear.utils.number-1.0.3.tgz",
      "integrity": "sha1-xu03E8ipfTzuojaVRZMV5HxahhY=",
      "requires": {
        "blear.utils.array": "1.0.12",
        "blear.utils.typeis": "1.0.3"
      }
    },
    "blear.utils.object": {
      "version": "1.0.14",
      "resolved": "http://registry.npm.taobao.org/blear.utils.object/download/blear.utils.object-1.0.14.tgz",
      "integrity": "sha1-bfkmlYQdUB/vYUqvNv/lC4R4GI0=",
      "requires": {
        "blear.utils.typeis": "1.0.3"
      }
    },
    "blear.utils.path": {
      "version": "1.0.10",
      "resolved": "http://registry.npm.taobao.org/blear.utils.path/download/blear.utils.path-1.0.10.tgz",
      "integrity": "sha1-bT/mg5/dqRIN2zrd1m8VpkMxwtY=",
      "dev": true,
      "requires": {
        "blear.utils.access": "1.0.5",
        "blear.utils.array": "1.0.12"
      }
    },
    "blear.utils.plan": {
      "version": "2.2.1",
      "resolved": "http://registry.npm.taobao.org/blear.utils.plan/download/blear.utils.plan-2.2.1.tgz",
      "integrity": "sha1-rfkEF4OOCk2HDRAN+SFVHEXar1c=",
      "dev": true,
      "requires": {
        "blear.classes.class": "1.1.7",
        "blear.classes.events": "1.0.7",
        "blear.utils.access": "1.0.5",
        "blear.utils.collection": "1.0.4",
        "blear.utils.function": "1.0.5",
        "blear.utils.number": "1.0.3",
        "blear.utils.object": "1.0.14",
        "blear.utils.random": "1.0.3",
        "blear.utils.time": "1.0.5",
        "blear.utils.typeis": "1.0.3"
      }
    },
    "blear.utils.querystring": {
      "version": "1.0.5",
      "resolved": "http://registry.npm.taobao.org/blear.utils.querystring/download/blear.utils.querystring-1.0.5.tgz",
      "integrity": "sha1-heilJMj89U8qKJxGSWzl5Rlgy7w=",
      "dev": true,
      "requires": {
        "blear.utils.array": "1.0.12",
        "blear.utils.object": "1.0.14",
        "blear.utils.string": "1.0.9",
        "blear.utils.typeis": "1.0.3",
        "blear.utils.uri": "1.0.2"
      }
    },
    "blear.utils.random": {
      "version": "1.0.3",
      "resolved": "http://registry.npm.taobao.org/blear.utils.random/download/blear.utils.random-1.0.3.tgz",
      "integrity": "sha1-6lO0r4qj5U8Q6RdMokRES1LJsWI=",
      "requires": {
        "blear.utils.access": "1.0.5",
        "blear.utils.number": "1.0.3",
        "blear.utils.string": "1.0.9",
        "blear.utils.typeis": "1.0.3"
      }
    },
    "blear.utils.scope-css": {
      "version": "1.1.1",
      "resolved": "http://registry.npm.taobao.org/blear.utils.scope-css/download/blear.utils.scope-css-1.1.1.tgz",
      "integrity": "sha1-/H3ew55kay+UhH16GZH+N8k9vOs=",
      "requires": {
        "blear.utils.object": "1.0.14",
        "blear.utils.random": "1.0.3"
      }
    },
    "blear.utils.string": {
      "version": "1.0.9",
      "resolved": "http://registry.npm.taobao.org/blear.utils.string/download/blear.utils.string-1.0.9.tgz",
      "integrity": "sha1-WQX/8jtP0SVnL6vO83O1FDKT/7U=",
      "requires": {
        "blear.utils.access": "1.0.5",
        "blear.utils.array": "1.0.12",
        "blear.utils.json": "1.0.5",
        "blear.utils.object": "1.0.14",
        "blear.utils.typeis": "1.0.3"
      }
    },
    "blear.utils.time": {
      "version": "1.0.5",
      "resolved": "http://registry.npm.taobao.org/blear.utils.time/download/blear.utils.time-1.0.5.tgz",
      "integrity": "sha1-LmaKBdIFJhbVieWouSwTqCsrb2k=",
      "requires": {
        "blear.polyfills.time": "1.0.3",
        "blear.utils.date": "1.0.10",
        "blear.utils.typeis": "1.0.3"
      }
    },
    "blear.utils.typeis": {
      "version": "1.0.3",
      "resolved": "http://registry.npm.taobao.org/blear.utils.typeis/download/blear.utils.typeis-1.0.3.tgz",
      "integrity": "sha1-4u5r+8oHKbe1G6pZ2T1xa2jqxoY="
    },
    "blear.utils.uri": {
      "version": "1.0.2",
      "resolved": "http://registry.npm.taobao.org/blear.utils.uri/download/blear.utils.uri-1.0.2.tgz",
      "integrity": "sha1-G5fGgaon+dmDP92DMo040E6VSYg=",
      "dev": true
    },
    "blear.utils.url": {
      "version": "1.0.19",
      "resolved": "http://registry.npm.taobao.org/blear.utils.url/download/blear.utils.url-1.0.19.tgz",
      "integrity": "sha1-XWluaFQlyfn1UGVnM+2LRfDmW50=",
      "dev": true,
      "requires": {
        "blear.utils.access": "1.0.5",
        "blear.utils.array": "1.0.12",
        "blear.utils.debug": "1.0.2",
        "blear.utils.object": "1.0.14",
        "blear.utils.path": "1.0.10",
        "blear.utils.querystring": "1.0.5",
        "blear.utils.typeis": "1.0.3"
      }
    },
    "blear.utils.validator": {
      "version": "1.1.1",
      "resolved": "http://registry.npm.taobao.org/blear.utils.validator/download/blear.utils.validator-1.1.1.tgz",
      "integrity": "sha1-o2wclAsDOCzgZEFX5npglJS5zlg="
    },
    "coolie.js": {
      "version": "2.2.3",
      "resolved": "http://registry.npm.taobao.org/coolie.js/download/coolie.js-2.2.3.tgz",
      "integrity": "sha1-Ibk22Yclob32Poi8nCltmjRQu7g=",
      "dev": true
    }
  }
}
